
Microsoft Visual Studio Solution File, Format Version 12.00
# Visual Studio Version 17
VisualStudioVersion = 17.8.34408.163
MinimumVisualStudioVersion = 10.0.40219.1
Project("{9A19103F-16F7-4668-BE54-9A1E7A4F7556}") = "BookClubApp", "BookClubApp\BookClubApp.csproj", "{7F6EEE84-EF2A-4A1C-A4DB-A2FFD535857D}"
	ProjectSection(ProjectDependencies) = postProject
		{25C9D405-EF7A-4441-8D4F-EDD824F844C0} = {25C9D405-EF7A-4441-8D4F-EDD824F844C0}
	EndProjectSection
EndProject
Project("{9A19103F-16F7-4668-BE54-9A1E7A4F7556}") = "BookClubApp.DAL", "BookClubApp.DAL\BookClubApp.DAL.csproj", "{6D152792-CBC0-4F9D-A61A-61D9D80172FD}"
EndProject
Project("{9A19103F-16F7-4668-BE54-9A1E7A4F7556}") = "BookClubApp.Services", "BookClubApp.Services\BookClubApp.Services.csproj", "{7A997324-A508-4978-B2A0-7DFD9BBE6814}"
EndProject
Project("{9A19103F-16F7-4668-BE54-9A1E7A4F7556}") = "BookClubApp.Core", "BookClubApp.Core\BookClubApp.Core.csproj", "{25C9D405-EF7A-4441-8D4F-EDD824F844C0}"
EndProject
Project("{FAE04EC0-301F-11D3-BF4B-00C04F79EFBC}") = "BookClubApp.Tests", "BookClubApp.Tests\BookClubApp.Tests.csproj", "{84EFFC3D-F7C5-4F19-B5F4-62F5FF35C058}"
EndProject
Global
	GlobalSection(SolutionConfigurationPlatforms) = preSolution
		Debug|Any CPU = Debug|Any CPU
		Release|Any CPU = Release|Any CPU
	EndGlobalSection
	GlobalSection(ProjectConfigurationPlatforms) = postSolution
		{7F6EEE84-EF2A-4A1C-A4DB-A2FFD535857D}.Debug|Any CPU.ActiveCfg = Debug|Any CPU
		{7F6EEE84-EF2A-4A1C-A4DB-A2FFD535857D}.Debug|Any CPU.Build.0 = Debug|Any CPU
		{7F6EEE84-EF2A-4A1C-A4DB-A2FFD535857D}.Release|Any CPU.ActiveCfg = Release|Any CPU
		{7F6EEE84-EF2A-4A1C-A4DB-A2FFD535857D}.Release|Any CPU.Build.0 = Release|Any CPU
		{6D152792-CBC0-4F9D-A61A-61D9D80172FD}.Debug|Any CPU.ActiveCfg = Debug|Any CPU
		{6D152792-CBC0-4F9D-A61A-61D9D80172FD}.Debug|Any CPU.Build.0 = Debug|Any CPU
		{6D152792-CBC0-4F9D-A61A-61D9D80172FD}.Release|Any CPU.ActiveCfg = Release|Any CPU
		{6D152792-CBC0-4F9D-A61A-61D9D80172FD}.Release|Any CPU.Build.0 = Release|Any CPU
		{7A997324-A508-4978-B2A0-7DFD9BBE6814}.Debug|Any CPU.ActiveCfg = Debug|Any CPU
		{7A997324-A508-4978-B2A0-7DFD9BBE6814}.Debug|Any CPU.Build.0 = Debug|Any CPU
		{7A997324-A508-4978-B2A0-7DFD9BBE6814}.Release|Any CPU.ActiveCfg = Release|Any CPU
		{7A997324-A508-4978-B2A0-7DFD9BBE6814}.Release|Any CPU.Build.0 = Release|Any CPU
		{25C9D405-EF7A-4441-8D4F-EDD824F844C0}.Debug|Any CPU.ActiveCfg = Debug|Any CPU
		{25C9D405-EF7A-4441-8D4F-EDD824F844C0}.Debug|Any CPU.Build.0 = Debug|Any CPU
		{25C9D405-EF7A-4441-8D4F-EDD824F844C0}.Release|Any CPU.ActiveCfg = Release|Any CPU
		{25C9D405-EF7A-4441-8D4F-EDD824F844C0}.Release|Any CPU.Build.0 = Release|Any CPU
		{84EFFC3D-F7C5-4F19-B5F4-62F5FF35C058}.Debug|Any CPU.ActiveCfg = Debug|Any CPU
		{84EFFC3D-F7C5-4F19-B5F4-62F5FF35C058}.Debug|Any CPU.Build.0 = Debug|Any CPU
		{84EFFC3D-F7C5-4F19-B5F4-62F5FF35C058}.Release|Any CPU.ActiveCfg = Release|Any CPU
		{84EFFC3D-F7C5-4F19-B5F4-62F5FF35C058}.Release|Any CPU.Build.0 = Release|Any CPU
	EndGlobalSection
	GlobalSection(SolutionProperties) = preSolution
		HideSolutionNode = FALSE
	EndGlobalSection
	GlobalSection(ExtensibilityGlobals) = postSolution
		SolutionGuid = {7B9D83FE-B505-4A04-B8D0-0C3BDBB53DCC}
	EndGlobalSection
EndGlobal
